<?xml version="1.0" encoding="utf-8"?>
<Project ToolsVersion="4.0" xmlns="http://schemas.microsoft.com/developer/msbuild/2003">
  <ItemGroup>
    <Filter Include="Source Files">
      <UniqueIdentifier>{4FC737F1-C7A5-4376-A066-2A32D752A2FF}</UniqueIdentifier>
      <Extensions>cpp;c;cc;cxx;def;odl;idl;hpj;bat;asm;asmx</Extensions>
    </Filter>
    <Filter Include="Header Files">
      <UniqueIdentifier>{93995380-89BD-4b04-88EB-625FBE52EBFB}</UniqueIdentifier>
      <Extensions>h;hh;hpp;hxx;hm;inl;inc;xsd</Extensions>
    </Filter>
    <Filter Include="Resource Files">
      <UniqueIdentifier>{67DA6AB6-F800-4c08-8B7A-83BB121AAD01}</UniqueIdentifier>
      <Extensions>rc;ico;cur;bmp;dlg;rc2;rct;bin;rgs;gif;jpg;jpeg;jpe;resx;tiff;tif;png;wav;mfcribbon-ms</Extensions>
    </Filter>
    <Filter Include="Header Files\Pages">
      <UniqueIdentifier>{651ac8ad-4f27-4e1f-9952-f9640f02603f}</UniqueIdentifier>
    </Filter>
    <Filter Include="Source Files\Pages">
      <UniqueIdentifier>{bc1a9d65-6f59-4d05-b2ff-d91ebea8521d}</UniqueIdentifier>
    </Filter>
    <Filter Include="Header Files\Modals">
      <UniqueIdentifier>{f112198a-67cb-4bfa-8950-84df3a182371}</UniqueIdentifier>
    </Filter>
    <Filter Include="Source Files\Modals">
      <UniqueIdentifier>{d031b388-7d27-4999-99a9-288ca7dea3eb}</UniqueIdentifier>
    </Filter>
  </ItemGroup>
  <ItemGroup>
    <Text Include="ReadMe.txt" />
  </ItemGroup>
  <ItemGroup>
    <ClInclude Include="stdafx.h">
      <Filter>Header Files</Filter>
    </ClInclude>
    <ClInclude Include="targetver.h">
      <Filter>Header Files</Filter>
    </ClInclude>
    <ClInclude Include="PinDialog.h">
      <Filter>Header Files\Modals</Filter>
    </ClInclude>
    <ClInclude Include="MechanicManager.h">
      <Filter>Header Files</Filter>
    </ClInclude>
    <ClInclude Include="ConfigLoader.h">
      <Filter>Header Files</Filter>
    </ClInclude>
    <ClInclude Include="CantPayDialog.h">
      <Filter>Header Files\Modals</Filter>
    </ClInclude>
    <ClInclude Include="MainFrame.h">
      <Filter>Header Files\Pages</Filter>
    </ClInclude>
    <ClInclude Include="AskFinal.h">
      <Filter>Header Files\Modals</Filter>
    </ClInclude>
    <ClInclude Include="ParsedItem.h">
      <Filter>Header Files</Filter>
    </ClInclude>
  </ItemGroup>
  <ItemGroup>
    <ClCompile Include="stdafx.cpp">
      <Filter>Source Files</Filter>
    </ClCompile>
    <ClCompile Include="SoupOMatic.cpp">
      <Filter>Source Files</Filter>
    </ClCompile>
    <ClCompile Include="PinDialog.cpp">
      <Filter>Source Files\Modals</Filter>
    </ClCompile>
    <ClCompile Include="MechanicManager.cpp">
      <Filter>Source Files</Filter>
    </ClCompile>
    <ClCompile Include="CantPayDialog.cpp">
      <Filter>Source Files</Filter>
    </ClCompile>
    <ClCompile Include="ConfigLoader.cpp">
      <Filter>Source Files\Modals</Filter>
    </ClCompile>
    <ClCompile Include="MainFrame.cpp">
      <Filter>Source Files\Pages</Filter>
    </ClCompile>
    <ClCompile Include="AskFinal.cpp">
      <Filter>Source Files\Modals</Filter>
    </ClCompile>
    <ClCompile Include="ParsedItem.cpp">
      <Filter>Source Files</Filter>
    </ClCompile>
  </ItemGroup>
  <ItemGroup>
    <None Include="config.json" />
  </ItemGroup>
</Project>